// !$*UTF8*$!
{
	archiveVersion = 1;
	classes = {
	};
	objectVersion = 46;
	objects = {

/* Begin PBXBuildFile section */
		D06DE3FD1EBF9B54006954B2 /* NotificationCenter.framework in Frameworks */ = {isa = PBXBuildFile; fileRef = D06DE3FC1EBF9B54006954B2 /* NotificationCenter.framework */; };
		D06DE4001EBF9B54006954B2 /* TodayViewController.swift in Sources */ = {isa = PBXBuildFile; fileRef = D06DE3FF1EBF9B54006954B2 /* TodayViewController.swift */; };
		D06DE4031EBF9B54006954B2 /* MainInterface.storyboard in Resources */ = {isa = PBXBuildFile; fileRef = D06DE4011EBF9B54006954B2 /* MainInterface.storyboard */; };
		D06DE4071EBF9B54006954B2 /* widget.appex in Embed App Extensions */ = {isa = PBXBuildFile; fileRef = D06DE3FA1EBF9B54006954B2 /* widget.appex */; settings = {ATTRIBUTES = (RemoveHeadersOnCopy, ); }; };
		D0925BA71EBF878B0068377A /* AppDelegate.swift in Sources */ = {isa = PBXBuildFile; fileRef = D0925BA61EBF878B0068377A /* AppDelegate.swift */; };
		D0925BA91EBF878B0068377A /* ViewController.swift in Sources */ = {isa = PBXBuildFile; fileRef = D0925BA81EBF878B0068377A /* ViewController.swift */; };
		D0925BAC1EBF878B0068377A /* Main.storyboard in Resources */ = {isa = PBXBuildFile; fileRef = D0925BAA1EBF878B0068377A /* Main.storyboard */; };
		D0925BAE1EBF878B0068377A /* Assets.xcassets in Resources */ = {isa = PBXBuildFile; fileRef = D0925BAD1EBF878B0068377A /* Assets.xcassets */; };
		D0925BB11EBF878B0068377A /* LaunchScreen.storyboard in Resources */ = {isa = PBXBuildFile; fileRef = D0925BAF1EBF878B0068377A /* LaunchScreen.storyboard */; };
		D0925BBC1EBF878B0068377A /* counterTests.swift in Sources */ = {isa = PBXBuildFile; fileRef = D0925BBB1EBF878B0068377A /* counterTests.swift */; };
		D0925BC71EBF878B0068377A /* counterUITests.swift in Sources */ = {isa = PBXBuildFile; fileRef = D0925BC61EBF878B0068377A /* counterUITests.swift */; };
/* End PBXBuildFile section */

/* Begin PBXContainerItemProxy section */
		D06DE4051EBF9B54006954B2 /* PBXContainerItemProxy */ = {
			isa = PBXContainerItemProxy;
			containerPortal = D0925B9B1EBF878B0068377A /* Project object */;
			proxyType = 1;
			remoteGlobalIDString = D06DE3F91EBF9B54006954B2;
			remoteInfo = widget;
		};
		D0925BB81EBF878B0068377A /* PBXContainerItemProxy */ = {
			isa = PBXContainerItemProxy;
			containerPortal = D0925B9B1EBF878B0068377A /* Project object */;
			proxyType = 1;
			remoteGlobalIDString = D0925BA21EBF878B0068377A;
			remoteInfo = counter;
		};
		D0925BC31EBF878B0068377A /* PBXContainerItemProxy */ = {
			isa = PBXContainerItemProxy;
			containerPortal = D0925B9B1EBF878B0068377A /* Project object */;
			proxyType = 1;
			remoteGlobalIDString = D0925BA21EBF878B0068377A;
			remoteInfo = counter;
		};
/* End PBXContainerItemProxy section */

/* Begin PBXCopyFilesBuildPhase section */
		D06DE40B1EBF9B54006954B2 /* Embed App Extensions */ = {
			isa = PBXCopyFilesBuildPhase;
			buildActionMask = 2147483647;
			dstPath = "";
			dstSubfolderSpec = 13;
			files = (
				D06DE4071EBF9B54006954B2 /* widget.appex in Embed App Extensions */,
			);
			name = "Embed App Extensions";
			runOnlyForDeploymentPostprocessing = 0;
		};
/* End PBXCopyFilesBuildPhase section */

/* Begin PBXFileReference section */
		D06DE3FA1EBF9B54006954B2 /* widget.appex */ = {isa = PBXFileReference; explicitFileType = "wrapper.app-extension"; includeInIndex = 0; path = widget.appex; sourceTree = BUILT_PRODUCTS_DIR; };
		D06DE3FC1EBF9B54006954B2 /* NotificationCenter.framework */ = {isa = PBXFileReference; lastKnownFileType = wrapper.framework; name = NotificationCenter.framework; path = System/Library/Frameworks/NotificationCenter.framework; sourceTree = SDKROOT; };
		D06DE3FF1EBF9B54006954B2 /* TodayViewController.swift */ = {isa = PBXFileReference; lastKnownFileType = sourcecode.swift; path = TodayViewController.swift; sourceTree = "<group>"; };
		D06DE4021EBF9B54006954B2 /* Base */ = {isa = PBXFileReference; lastKnownFileType = file.storyboard; name = Base; path = Base.lproj/MainInterface.storyboard; sourceTree = "<group>"; };
		D06DE4041EBF9B54006954B2 /* Info.plist */ = {isa = PBXFileReference; lastKnownFileType = text.plist.xml; path = Info.plist; sourceTree = "<group>"; };
		D06DE40C1EBF9B78006954B2 /* counter.entitlements */ = {isa = PBXFileReference; lastKnownFileType = text.plist.entitlements; path = counter.entitlements; sourceTree = "<group>"; };
		D06DE40D1EBFA766006954B2 /* widget.entitlements */ = {isa = PBXFileReference; lastKnownFileType = text.plist.entitlements; path = widget.entitlements; sourceTree = "<group>"; };
		D0925BA31EBF878B0068377A /* counter.app */ = {isa = PBXFileReference; explicitFileType = wrapper.application; includeInIndex = 0; path = counter.app; sourceTree = BUILT_PRODUCTS_DIR; };
		D0925BA61EBF878B0068377A /* AppDelegate.swift */ = {isa = PBXFileReference; lastKnownFileType = sourcecode.swift; path = AppDelegate.swift; sourceTree = "<group>"; };
		D0925BA81EBF878B0068377A /* ViewController.swift */ = {isa = PBXFileReference; lastKnownFileType = sourcecode.swift; path = ViewController.swift; sourceTree = "<group>"; };
		D0925BAB1EBF878B0068377A /* Base */ = {isa = PBXFileReference; lastKnownFileType = file.storyboard; name = Base; path = Base.lproj/Main.storyboard; sourceTree = "<group>"; };
		D0925BAD1EBF878B0068377A /* Assets.xcassets */ = {isa = PBXFileReference; lastKnownFileType = folder.assetcatalog; path = Assets.xcassets; sourceTree = "<group>"; };
		D0925BB01EBF878B0068377A /* Base */ = {isa = PBXFileReference; lastKnownFileType = file.storyboard; name = Base; path = Base.lproj/LaunchScreen.storyboard; sourceTree = "<group>"; };
		D0925BB21EBF878B0068377A /* Info.plist */ = {isa = PBXFileReference; lastKnownFileType = text.plist.xml; path = Info.plist; sourceTree = "<group>"; };
		D0925BB71EBF878B0068377A /* counterTests.xctest */ = {isa = PBXFileReference; explicitFileType = wrapper.cfbundle; includeInIndex = 0; path = counterTests.xctest; sourceTree = BUILT_PRODUCTS_DIR; };
		D0925BBB1EBF878B0068377A /* counterTests.swift */ = {isa = PBXFileReference; lastKnownFileType = sourcecode.swift; path = counterTests.swift; sourceTree = "<group>"; };
		D0925BBD1EBF878B0068377A /* Info.plist */ = {isa = PBXFileReference; lastKnownFileType = text.plist.xml; path = Info.plist; sourceTree = "<group>"; };
		D0925BC21EBF878B0068377A /* counterUITests.xctest */ = {isa = PBXFileReference; explicitFileType = wrapper.cfbundle; includeInIndex = 0; path = counterUITests.xctest; sourceTree = BUILT_PRODUCTS_DIR; };
		D0925BC61EBF878B0068377A /* counterUITests.swift */ = {isa = PBXFileReference; lastKnownFileType = sourcecode.swift; path = counterUITests.swift; sourceTree = "<group>"; };
		D0925BC81EBF878B0068377A /* Info.plist */ = {isa = PBXFileReference; lastKnownFileType = text.plist.xml; path = Info.plist; sourceTree = "<group>"; };
/* End PBXFileReference section */

/* Begin PBXFrameworksBuildPhase section */
		D06DE3F71EBF9B54006954B2 /* Frameworks */ = {
			isa = PBXFrameworksBuildPhase;
			buildActionMask = 2147483647;
			files = (
				D06DE3FD1EBF9B54006954B2 /* NotificationCenter.framework in Frameworks */,
			);
			runOnlyForDeploymentPostprocessing = 0;
		};
		D0925BA01EBF878B0068377A /* Frameworks */ = {
			isa = PBXFrameworksBuildPhase;
			buildActionMask = 2147483647;
			files = (
			);
			runOnlyForDeploymentPostprocessing = 0;
		};
		D0925BB41EBF878B0068377A /* Frameworks */ = {
			isa = PBXFrameworksBuildPhase;
			buildActionMask = 2147483647;
			files = (
			);
			runOnlyForDeploymentPostprocessing = 0;
		};
		D0925BBF1EBF878B0068377A /* Frameworks */ = {
			isa = PBXFrameworksBuildPhase;
			buildActionMask = 2147483647;
			files = (
			);
			runOnlyForDeploymentPostprocessing = 0;
		};
/* End PBXFrameworksBuildPhase section */

/* Begin PBXGroup section */
		D06DE3FB1EBF9B54006954B2 /* Frameworks */ = {
			isa = PBXGroup;
			children = (
				D06DE3FC1EBF9B54006954B2 /* NotificationCenter.framework */,
			);
			name = Frameworks;
			sourceTree = "<group>";
		};
		D06DE3FE1EBF9B54006954B2 /* widget */ = {
			isa = PBXGroup;
			children = (
				D06DE40D1EBFA766006954B2 /* widget.entitlements */,
				D06DE3FF1EBF9B54006954B2 /* TodayViewController.swift */,
				D06DE4011EBF9B54006954B2 /* MainInterface.storyboard */,
				D06DE4041EBF9B54006954B2 /* Info.plist */,
			);
			path = widget;
			sourceTree = "<group>";
		};
		D0925B9A1EBF878B0068377A = {
			isa = PBXGroup;
			children = (
				D0925BA51EBF878B0068377A /* counter */,
				D0925BBA1EBF878B0068377A /* counterTests */,
				D0925BC51EBF878B0068377A /* counterUITests */,
				D06DE3FE1EBF9B54006954B2 /* widget */,
				D06DE3FB1EBF9B54006954B2 /* Frameworks */,
				D0925BA41EBF878B0068377A /* Products */,
			);
			sourceTree = "<group>";
		};
		D0925BA41EBF878B0068377A /* Products */ = {
			isa = PBXGroup;
			children = (
				D0925BA31EBF878B0068377A /* counter.app */,
				D0925BB71EBF878B0068377A /* counterTests.xctest */,
				D0925BC21EBF878B0068377A /* counterUITests.xctest */,
				D06DE3FA1EBF9B54006954B2 /* widget.appex */,
			);
			name = Products;
			sourceTree = "<group>";
		};
		D0925BA51EBF878B0068377A /* counter */ = {
			isa = PBXGroup;
			children = (
				D06DE40C1EBF9B78006954B2 /* counter.entitlements */,
				D0925BA61EBF878B0068377A /* AppDelegate.swift */,
				D0925BA81EBF878B0068377A /* ViewController.swift */,
				D0925BAA1EBF878B0068377A /* Main.storyboard */,
				D0925BAD1EBF878B0068377A /* Assets.xcassets */,
				D0925BAF1EBF878B0068377A /* LaunchScreen.storyboard */,
				D0925BB21EBF878B0068377A /* Info.plist */,
			);
			path = counter;
			sourceTree = "<group>";
		};
		D0925BBA1EBF878B0068377A /* counterTests */ = {
			isa = PBXGroup;
			children = (
				D0925BBB1EBF878B0068377A /* counterTests.swift */,
				D0925BBD1EBF878B0068377A /* Info.plist */,
			);
			path = counterTests;
			sourceTree = "<group>";
		};
		D0925BC51EBF878B0068377A /* counterUITests */ = {
			isa = PBXGroup;
			children = (
				D0925BC61EBF878B0068377A /* counterUITests.swift */,
				D0925BC81EBF878B0068377A /* Info.plist */,
			);
			path = counterUITests;
			sourceTree = "<group>";
		};
/* End PBXGroup section */

/* Begin PBXNativeTarget section */
		D06DE3F91EBF9B54006954B2 /* widget */ = {
			isa = PBXNativeTarget;
			buildConfigurationList = D06DE40A1EBF9B54006954B2 /* Build configuration list for PBXNativeTarget "widget" */;
			buildPhases = (
				D06DE3F61EBF9B54006954B2 /* Sources */,
				D06DE3F71EBF9B54006954B2 /* Frameworks */,
				D06DE3F81EBF9B54006954B2 /* Resources */,
			);
			buildRules = (
			);
			dependencies = (
			);
			name = widget;
			productName = widget;
			productReference = D06DE3FA1EBF9B54006954B2 /* widget.appex */;
			productType = "com.apple.product-type.app-extension";
		};
		D0925BA21EBF878B0068377A /* counter */ = {
			isa = PBXNativeTarget;
			buildConfigurationList = D0925BCB1EBF878B0068377A /* Build configuration list for PBXNativeTarget "counter" */;
			buildPhases = (
				D0925B9F1EBF878B0068377A /* Sources */,
				D0925BA01EBF878B0068377A /* Frameworks */,
				D0925BA11EBF878B0068377A /* Resources */,
				D06DE40B1EBF9B54006954B2 /* Embed App Extensions */,
			);
			buildRules = (
			);
			dependencies = (
				D06DE4061EBF9B54006954B2 /* PBXTargetDependency */,
			);
			name = counter;
			productName = counter;
			productReference = D0925BA31EBF878B0068377A /* counter.app */;
			productType = "com.apple.product-type.application";
		};
		D0925BB61EBF878B0068377A /* counterTests */ = {
			isa = PBXNativeTarget;
			buildConfigurationList = D0925BCE1EBF878B0068377A /* Build configuration list for PBXNativeTarget "counterTests" */;
			buildPhases = (
				D0925BB31EBF878B0068377A /* Sources */,
				D0925BB41EBF878B0068377A /* Frameworks */,
				D0925BB51EBF878B0068377A /* Resources */,
			);
			buildRules = (
			);
			dependencies = (
				D0925BB91EBF878B0068377A /* PBXTargetDependency */,
			);
			name = counterTests;
			productName = counterTests;
			productReference = D0925BB71EBF878B0068377A /* counterTests.xctest */;
			productType = "com.apple.product-type.bundle.unit-test";
		};
		D0925BC11EBF878B0068377A /* counterUITests */ = {
			isa = PBXNativeTarget;
			buildConfigurationList = D0925BD11EBF878B0068377A /* Build configuration list for PBXNativeTarget "counterUITests" */;
			buildPhases = (
				D0925BBE1EBF878B0068377A /* Sources */,
				D0925BBF1EBF878B0068377A /* Frameworks */,
				D0925BC01EBF878B0068377A /* Resources */,
			);
			buildRules = (
			);
			dependencies = (
				D0925BC41EBF878B0068377A /* PBXTargetDependency */,
			);
			name = counterUITests;
			productName = counterUITests;
			productReference = D0925BC21EBF878B0068377A /* counterUITests.xctest */;
			productType = "com.apple.product-type.bundle.ui-testing";
		};
/* End PBXNativeTarget section */

/* Begin PBXProject section */
		D0925B9B1EBF878B0068377A /* Project object */ = {
			isa = PBXProject;
			attributes = {
				LastSwiftUpdateCheck = 0820;
				LastUpgradeCheck = 0820;
				ORGANIZATIONNAME = risingmoon;
				TargetAttributes = {
					D06DE3F91EBF9B54006954B2 = {
						CreatedOnToolsVersion = 8.2.1;
						DevelopmentTeam = 7GH3598YWY;
						ProvisioningStyle = Automatic;
						SystemCapabilities = {
							com.apple.ApplicationGroups.iOS = {
								enabled = 1;
							};
						};
					};
					D0925BA21EBF878B0068377A = {
						CreatedOnToolsVersion = 8.2.1;
						DevelopmentTeam = 7GH3598YWY;
						ProvisioningStyle = Automatic;
						SystemCapabilities = {
							com.apple.ApplicationGroups.iOS = {
								enabled = 1;
							};
						};
					};
					D0925BB61EBF878B0068377A = {
						CreatedOnToolsVersion = 8.2.1;
						DevelopmentTeam = 7GH3598YWY;
						ProvisioningStyle = Automatic;
						TestTargetID = D0925BA21EBF878B0068377A;
					};
					D0925BC11EBF878B0068377A = {
						CreatedOnToolsVersion = 8.2.1;
						DevelopmentTeam = 7GH3598YWY;
						ProvisioningStyle = Automatic;
						TestTargetID = D0925BA21EBF878B0068377A;
					};
				};
			};
			buildConfigurationList = D0925B9E1EBF878B0068377A /* Build configuration list for PBXProject "counter" */;
			compatibilityVersion = "Xcode 3.2";
			developmentRegion = English;
			hasScannedForEncodings = 0;
			knownRegions = (
				en,
				Base,
			);
			mainGroup = D0925B9A1EBF878B0068377A;
			productRefGroup = D0925BA41EBF878B0068377A /* Products */;
			projectDirPath = "";
			projectRoot = "";
			targets = (
				D0925BA21EBF878B0068377A /* counter */,
				D0925BB61EBF878B0068377A /* counterTests */,
				D0925BC11EBF878B0068377A /* counterUITests */,
				D06DE3F91EBF9B54006954B2 /* widget */,
			);
		};
/* End PBXProject section */

/* Begin PBXResourcesBuildPhase section */
		D06DE3F81EBF9B54006954B2 /* Resources */ = {
			isa = PBXResourcesBuildPhase;
			buildActionMask = 2147483647;
			files = (
				D06DE4031EBF9B54006954B2 /* MainInterface.storyboard in Resources */,
			);
			runOnlyForDeploymentPostprocessing = 0;
		};
		D0925BA11EBF878B0068377A /* Resources */ = {
			isa = PBXResourcesBuildPhase;
			buildActionMask = 2147483647;
			files = (
				D0925BB11EBF878B0068377A /* LaunchScreen.storyboard in Resources */,
				D0925BAE1EBF878B0068377A /* Assets.xcassets in Resources */,
				D0925BAC1EBF878B0068377A /* Main.storyboard in Resources */,
			);
			runOnlyForDeploymentPostprocessing = 0;
		};
		D0925BB51EBF878B0068377A /* Resources */ = {
			isa = PBXResourcesBuildPhase;
			buildActionMask = 2147483647;
			files = (
			);
			runOnlyForDeploymentPostprocessing = 0;
		};
		D0925BC01EBF878B0068377A /* Resources */ = {
			isa = PBXResourcesBuildPhase;
			buildActionMask = 2147483647;
			files = (
			);
			runOnlyForDeploymentPostprocessing = 0;
		};
/* End PBXResourcesBuildPhase section */

/* Begin PBXSourcesBuildPhase section */
		D06DE3F61EBF9B54006954B2 /* Sources */ = {
			isa = PBXSourcesBuildPhase;
			buildActionMask = 2147483647;
			files = (
				D06DE4001EBF9B54006954B2 /* TodayViewController.swift in Sources */,
			);
			runOnlyForDeploymentPostprocessing = 0;
		};
		D0925B9F1EBF878B0068377A /* Sources */ = {
			isa = PBXSourcesBuildPhase;
			buildActionMask = 2147483647;
			files = (
				D0925BA91EBF878B0068377A /* ViewController.swift in Sources */,
				D0925BA71EBF878B0068377A /* AppDelegate.swift in Sources */,
			);
			runOnlyForDeploymentPostprocessing = 0;
		};
		D0925BB31EBF878B0068377A /* Sources */ = {
			isa = PBXSourcesBuildPhase;
			buildActionMask = 2147483647;
			files = (
				D0925BBC1EBF878B0068377A /* counterTests.swift in Sources */,
			);
			runOnlyForDeploymentPostprocessing = 0;
		};
		D0925BBE1EBF878B0068377A /* Sources */ = {
			isa = PBXSourcesBuildPhase;
			buildActionMask = 2147483647;
			files = (
				D0925BC71EBF878B0068377A /* counterUITests.swift in Sources */,
			);
			runOnlyForDeploymentPostprocessing = 0;
		};
/* End PBXSourcesBuildPhase section */

/* Begin PBXTargetDependency section */
		D06DE4061EBF9B54006954B2 /* PBXTargetDependency */ = {
			isa = PBXTargetDependency;
			target = D06DE3F91EBF9B54006954B2 /* widget */;
			targetProxy = D06DE4051EBF9B54006954B2 /* PBXContainerItemProxy */;
		};
		D0925BB91EBF878B0068377A /* PBXTargetDependency */ = {
			isa = PBXTargetDependency;
			target = D0925BA21EBF878B0068377A /* counter */;
			targetProxy = D0925BB81EBF878B0068377A /* PBXContainerItemProxy */;
		};
		D0925BC41EBF878B0068377A /* PBXTargetDependency */ = {
			isa = PBXTargetDependency;
			target = D0925BA21EBF878B0068377A /* counter */;
			targetProxy = D0925BC31EBF878B0068377A /* PBXContainerItemProxy */;
		};
/* End PBXTargetDependency section */

/* Begin PBXVariantGroup section */
		D06DE4011EBF9B54006954B2 /* MainInterface.storyboard */ = {
			isa = PBXVariantGroup;
			children = (
				D06DE4021EBF9B54006954B2 /* Base */,
			);
			name = MainInterface.storyboard;
			sourceTree = "<group>";
		};
		D0925BAA1EBF878B0068377A /* Main.storyboard */ = {
			isa = PBXVariantGroup;
			children = (
				D0925BAB1EBF878B0068377A /* Base */,
			);
			name = Main.storyboard;
			sourceTree = "<group>";
		};
		D0925BAF1EBF878B0068377A /* LaunchScreen.storyboard */ = {
			isa = PBXVariantGroup;
			children = (
				D0925BB01EBF878B0068377A /* Base */,
			);
			name = LaunchScreen.storyboard;
			sourceTree = "<group>";
		};
/* End PBXVariantGroup section */

/* Begin XCBuildConfiguration section */
		D06DE4081EBF9B54006954B2 /* Debug */ = {
			isa = XCBuildConfiguration;
			buildSettings = {
				CODE_SIGN_ENTITLEMENTS = widget/widget.entitlements;
				DEVELOPMENT_TEAM = 7GH3598YWY;
				INFOPLIST_FILE = widget/Info.plist;
				LD_RUNPATH_SEARCH_PATHS = "$(inherited) @executable_path/Frameworks @executable_path/../../Frameworks";
				PRODUCT_BUNDLE_IDENTIFIER = com.risingmoon.counter.widget;
				PRODUCT_NAME = "$(TARGET_NAME)";
				SKIP_INSTALL = YES;
				SWIFT_VERSION = 3.0;
			};
			name = Debug;
		};
		D06DE4091EBF9B54006954B2 /* Release */ = {
			isa = XCBuildConfiguration;
			buildSettings = {
				CODE_SIGN_ENTITLEMENTS = widget/widget.entitlements;
				DEVELOPMENT_TEAM = 7GH3598YWY;
				INFOPLIST_FILE = widget/Info.plist;
				LD_RUNPATH_SEARCH_PATHS = "$(inherited) @executable_path/Frameworks @executable_path/../../Frameworks";
				PRODUCT_BUNDLE_IDENTIFIER = com.risingmoon.counter.widget;
				PRODUCT_NAME = "$(TARGET_NAME)";
				SKIP_INSTALL = YES;
				SWIFT_VERSION = 3.0;
			};
			name = Release;
		};
		D0925BC91EBF878B0068377A /* Debug */ = {
			isa = XCBuildConfiguration;
			buildSettings = {
				ALWAYS_SEARCH_USER_PATHS = NO;
				CLANG_ANALYZER_NONNULL = YES;
				CLANG_CXX_LANGUAGE_STANDARD = "gnu++0x";
				CLANG_CXX_LIBRARY = "libc++";
				CLANG_ENABLE_MODULES = YES;
				CLANG_ENABLE_OBJC_ARC = YES;
				CLANG_WARN_BOOL_CONVERSION = YES;
				CLANG_WARN_CONSTANT_CONVERSION = YES;
				CLANG_WARN_DIRECT_OBJC_ISA_USAGE = YES_ERROR;
				CLANG_WARN_DOCUMENTATION_COMMENTS = YES;
				CLANG_WARN_EMPTY_BODY = YES;
				CLANG_WARN_ENUM_CONVERSION = YES;
				CLANG_WARN_INFINITE_RECURSION = YES;
				CLANG_WARN_INT_CONVERSION = YES;
				CLANG_WARN_OBJC_ROOT_CLASS = YES_ERROR;
				CLANG_WARN_SUSPICIOUS_MOVE = YES;
				CLANG_WARN_UNREACHABLE_CODE = YES;
				CLANG_WARN__DUPLICATE_METHOD_MATCH = YES;
				"CODE_SIGN_IDENTITY[sdk=iphoneos*]" = "iPhone Developer";
				COPY_PHASE_STRIP = NO;
				DEBUG_INFORMATION_FORMAT = dwarf;
				ENABLE_STRICT_OBJC_MSGSEND = YES;
				ENABLE_TESTABILITY = YES;
				GCC_C_LANGUAGE_STANDARD = gnu99;
				GCC_DYNAMIC_NO_PIC = NO;
				GCC_NO_COMMON_BLOCKS = YES;
				GCC_OPTIMIZATION_LEVEL = 0;
				GCC_PREPROCESSOR_DEFINITIONS = (
					"DEBUG=1",
					"$(inherited)",
				);
				GCC_WARN_64_TO_32_BIT_CONVERSION = YES;
				GCC_WARN_ABOUT_RETURN_TYPE = YES_ERROR;
				GCC_WARN_UNDECLARED_SELECTOR = YES;
				GCC_WARN_UNINITIALIZED_AUTOS = YES_AGGRESSIVE;
				GCC_WARN_UNUSED_FUNCTION = YES;
				GCC_WARN_UNUSED_VARIABLE = YES;
				IPHONEOS_DEPLOYMENT_TARGET = 10.2;
				MTL_ENABLE_DEBUG_INFO = YES;
				ONLY_ACTIVE_ARCH = YES;
				SDKROOT = iphoneos;
				SWIFT_ACTIVE_COMPILATION_CONDITIONS = DEBUG;
				SWIFT_OPTIMIZATION_LEVEL = "-Onone";
			};
			name = Debug;
		};
		D0925BCA1EBF878B0068377A /* Release */ = {
			isa = XCBuildConfiguration;
			buildSettings = {
				ALWAYS_SEARCH_USER_PATHS = NO;
				CLANG_ANALYZER_NONNULL = YES;
				CLANG_CXX_LANGUAGE_STANDARD = "gnu++0x";
				CLANG_CXX_LIBRARY = "libc++";
				CLANG_ENABLE_MODULES = YES;
				CLANG_ENABLE_OBJC_ARC = YES;
				CLANG_WARN_BOOL_CONVERSION = YES;
				CLANG_WARN_CONSTANT_CONVERSION = YES;
				CLANG_WARN_DIRECT_OBJC_ISA_USAGE = YES_ERROR;
				CLANG_WARN_DOCUMENTATION_COMMENTS = YES;
				CLANG_WARN_EMPTY_BODY = YES;
				CLANG_WARN_ENUM_CONVERSION = YES;
				CLANG_WARN_INFINITE_RECURSION = YES;
				CLANG_WARN_INT_CONVERSION = YES;
				CLANG_WARN_OBJC_ROOT_CLASS = YES_ERROR;
				CLANG_WARN_SUSPICIOUS_MOVE = YES;
				CLANG_WARN_UNREACHABLE_CODE = YES;
				CLANG_WARN__DUPLICATE_METHOD_MATCH = YES;
				"CODE_SIGN_IDENTITY[sdk=iphoneos*]" = "iPhone Developer";
				COPY_PHASE_STRIP = NO;
				DEBUG_INFORMATION_FORMAT = "dwarf-with-dsym";
				ENABLE_NS_ASSERTIONS = NO;
				ENABLE_STRICT_OBJC_MSGSEND = YES;
				GCC_C_LANGUAGE_STANDARD = gnu99;
				GCC_NO_COMMON_BLOCKS = YES;
				GCC_WARN_64_TO_32_BIT_CONVERSION = YES;
				GCC_WARN_ABOUT_RETURN_TYPE = YES_ERROR;
				GCC_WARN_UNDECLARED_SELECTOR = YES;
				GCC_WARN_UNINITIALIZED_AUTOS = YES_AGGRESSIVE;
				GCC_WARN_UNUSED_FUNCTION = YES;
				GCC_WARN_UNUSED_VARIABLE = YES;
				IPHONEOS_DEPLOYMENT_TARGET = 10.2;
				MTL_ENABLE_DEBUG_INFO = NO;
				SDKROOT = iphoneos;
				SWIFT_OPTIMIZATION_LEVEL = "-Owholemodule";
				VALIDATE_PRODUCT = YES;
			};
			name = Release;
		};
		D0925BCC1EBF878B0068377A /* Debug */ = {
			isa = XCBuildConfiguration;
			buildSettings = {
				ALWAYS_EMBED_SWIFT_STANDARD_LIBRARIES = YES;
				ASSETCATALOG_COMPILER_APPICON_NAME = AppIcon;
				CODE_SIGN_ENTITLEMENTS = counter/counter.entitlements;
				DEVELOPMENT_TEAM = 7GH3598YWY;
				INFOPLIST_FILE = counter/Info.plist;
				LD_RUNPATH_SEARCH_PATHS = "$(inherited) @executable_path/Frameworks";
				PRODUCT_BUNDLE_IDENTIFIER = com.risingmoon.counter;
				PRODUCT_NAME = "$(TARGET_NAME)";
				SWIFT_VERSION = 3.0;
			};
			name = Debug;
		};
		D0925BCD1EBF878B0068377A /* Release */ = {
			isa = XCBuildConfiguration;
			buildSettings = {
				ALWAYS_EMBED_SWIFT_STANDARD_LIBRARIES = YES;
				ASSETCATALOG_COMPILER_APPICON_NAME = AppIcon;
				CODE_SIGN_ENTITLEMENTS = counter/counter.entitlements;
				DEVELOPMENT_TEAM = 7GH3598YWY;
				INFOPLIST_FILE = counter/Info.plist;
				LD_RUNPATH_SEARCH_PATHS = "$(inherited) @executable_path/Frameworks";
				PRODUCT_BUNDLE_IDENTIFIER = com.risingmoon.counter;
				PRODUCT_NAME = "$(TARGET_NAME)";
				SWIFT_VERSION = 3.0;
			};
			name = Release;
		};
		D0925BCF1EBF878B0068377A /* Debug */ = {
			isa = XCBuildConfiguration;
			buildSettings = {
				ALWAYS_EMBED_SWIFT_STANDARD_LIBRARIES = YES;
				BUNDLE_LOADER = "$(TEST_HOST)";
				DEVELOPMENT_TEAM = 7GH3598YWY;
				INFOPLIST_FILE = counterTests/Info.plist;
				LD_RUNPATH_SEARCH_PATHS = "$(inherited) @executable_path/Frameworks @loader_path/Frameworks";
				PRODUCT_BUNDLE_IDENTIFIER = com.risingmoon.counterTests;
				PRODUCT_NAME = "$(TARGET_NAME)";
				SWIFT_VERSION = 3.0;
				TEST_HOST = "$(BUILT_PRODUCTS_DIR)/counter.app/counter";
			};
			name = Debug;
		};
		D0925BD01EBF878B0068377A /* Release */ = {
			isa = XCBuildConfiguration;
			buildSettings = {
				ALWAYS_EMBED_SWIFT_STANDARD_LIBRARIES = YES;
				BUNDLE_LOADER = "$(TEST_HOST)";
				DEVELOPMENT_TEAM = 7GH3598YWY;
				INFOPLIST_FILE = counterTests/Info.plist;
				LD_RUNPATH_SEARCH_PATHS = "$(inherited) @executable_path/Frameworks @loader_path/Frameworks";
				PRODUCT_BUNDLE_IDENTIFIER = com.risingmoon.counterTests;
				PRODUCT_NAME = "$(TARGET_NAME)";
				SWIFT_VERSION = 3.0;
				TEST_HOST = "$(BUILT_PRODUCTS_DIR)/counter.app/counter";
			};
			name = Release;
		};
		D0925BD21EBF878B0068377A /* Debug */ = {
			isa = XCBuildConfiguration;
			buildSettings = {
				ALWAYS_EMBED_SWIFT_STANDARD_LIBRARIES = YES;
				DEVELOPMENT_TEAM = 7GH3598YWY;
				INFOPLIST_FILE = counterUITests/Info.plist;
				LD_RUNPATH_SEARCH_PATHS = "$(inherited) @executable_path/Frameworks @loader_path/Frameworks";
				PRODUCT_BUNDLE_IDENTIFIER = com.risingmoon.counterUITests;
				PRODUCT_NAME = "$(TARGET_NAME)";
				SWIFT_VERSION = 3.0;
				TEST_TARGET_NAME = counter;
			};
			name = Debug;
		};
		D0925BD31EBF878B0068377A /* Release */ = {
			isa = XCBuildConfiguration;
			buildSettings = {
				ALWAYS_EMBED_SWIFT_STANDARD_LIBRARIES = YES;
				DEVELOPMENT_TEAM = 7GH3598YWY;
				INFOPLIST_FILE = counterUITests/Info.plist;
				LD_RUNPATH_SEARCH_PATHS = "$(inherited) @executable_path/Frameworks @loader_path/Frameworks";
				PRODUCT_BUNDLE_IDENTIFIER = com.risingmoon.counterUITests;
				PRODUCT_NAME = "$(TARGET_NAME)";
				SWIFT_VERSION = 3.0;
				TEST_TARGET_NAME = counter;
			};
			name = Release;
		};
/* End XCBuildConfiguration section */

/* Begin XCConfigurationList section */
		D06DE40A1EBF9B54006954B2 /* Build configuration list for PBXNativeTarget "widget" */ = {
			isa = XCConfigurationList;
			buildConfigurations = (
				D06DE4081EBF9B54006954B2 /* Debug */,
				D06DE4091EBF9B54006954B2 /* Release */,
			);
			defaultConfigurationIsVisible = 0;
		};
		D0925B9E1EBF878B0068377A /* Build configuration list for PBXProject "counter" */ = {
			isa = XCConfigurationList;
			buildConfigurations = (
				D0925BC91EBF878B0068377A /* Debug */,
				D0925BCA1EBF878B0068377A /* Release */,
			);
			defaultConfigurationIsVisible = 0;
			defaultConfigurationName = Release;
		};
		D0925BCB1EBF878B0068377A /* Build configuration list for PBXNativeTarget "counter" */ = {
			isa = XCConfigurationList;
			buildConfigurations = (
				D0925BCC1EBF878B0068377A /* Debug */,
				D0925BCD1EBF878B0068377A /* Release */,
			);
			defaultConfigurationIsVisible = 0;
			defaultConfigurationName = Release;
		};
		D0925BCE1EBF878B0068377A /* Build configuration list for PBXNativeTarget "counterTests" */ = {
			isa = XCConfigurationList;
			buildConfigurations = (
				D0925BCF1EBF878B0068377A /* Debug */,
				D0925BD01EBF878B0068377A /* Release */,
			);
			defaultConfigurationIsVisible = 0;
			defaultConfigurationName = Release;
		};
		D0925BD11EBF878B0068377A /* Build configuration list for PBXNativeTarget "counterUITests" */ = {
			isa = XCConfigurationList;
			buildConfigurations = (
				D0925BD21EBF878B0068377A /* Debug */,
				D0925BD31EBF878B0068377A /* Release */,
			);
			defaultConfigurationIsVisible = 0;
			defaultConfigurationName = Release;
		};
/* End XCConfigurationList section */
	};
	rootObject = D0925B9B1EBF878B0068377A /* Project object */;
}
